
Microsoft Visual Studio Solution File, Format Version 12.00
# Visual Studio Version 16
VisualStudioVersion = 16.0.808.5
MinimumVisualStudioVersion = 10.0.40219.1
Project("{FAE04EC0-301F-11D3-BF4B-00C04F79EFBC}") = "Beachapp", "Beachapp\Beachapp.csproj", "{323F4368-D5AB-486D-8175-EE9B13F010B3}"
EndProject
Global
	GlobalSection(SolutionConfigurationPlatforms) = preSolution
		Debug|Any CPU = Debug|Any CPU
		Release|Any CPU = Release|Any CPU
	EndGlobalSection
	GlobalSection(ProjectConfigurationPlatforms) = postSolution
		{323F4368-D5AB-486D-8175-EE9B13F010B3}.Debug|Any CPU.ActiveCfg = Debug|Any CPU
		{323F4368-D5AB-486D-8175-EE9B13F010B3}.Debug|Any CPU.Build.0 = Debug|Any CPU
		{323F4368-D5AB-486D-8175-EE9B13F010B3}.Release|Any CPU.ActiveCfg = Release|Any CPU
		{323F4368-D5AB-486D-8175-EE9B13F010B3}.Release|Any CPU.Build.0 = Release|Any CPU
	EndGlobalSection
	GlobalSection(SolutionProperties) = preSolution
		HideSolutionNode = FALSE
	EndGlobalSection
	GlobalSection(ExtensibilityGlobals) = postSolution
		SolutionGuid = {74877C8C-DCD1-445E-89F7-6D163FF1A314}
	EndGlobalSection
EndGlobal
